
Microsoft Visual Studio Solution File, Format Version 12.00
# Visual Studio 15
VisualStudioVersion = 15.0.26730.15
MinimumVisualStudioVersion = 10.0.40219.1
Project("{FAE04EC0-301F-11D3-BF4B-00C04F79EFBC}") = "frmPrincipal", "frmPrincipal\frmPrincipal.csproj", "{3878091D-F205-457C-9FFE-1E8B1A6FF59A}"
EndProject
Global
	GlobalSection(SolutionConfigurationPlatforms) = preSolution
		Debug|Any CPU = Debug|Any CPU
		Release|Any CPU = Release|Any CPU
	EndGlobalSection
	GlobalSection(ProjectConfigurationPlatforms) = postSolution
		{3878091D-F205-457C-9FFE-1E8B1A6FF59A}.Debug|Any CPU.ActiveCfg = Debug|Any CPU
		{3878091D-F205-457C-9FFE-1E8B1A6FF59A}.Debug|Any CPU.Build.0 = Debug|Any CPU
		{3878091D-F205-457C-9FFE-1E8B1A6FF59A}.Release|Any CPU.ActiveCfg = Release|Any CPU
		{3878091D-F205-457C-9FFE-1E8B1A6FF59A}.Release|Any CPU.Build.0 = Release|Any CPU
	EndGlobalSection
	GlobalSection(SolutionProperties) = preSolution
		HideSolutionNode = FALSE
	EndGlobalSection
	GlobalSection(ExtensibilityGlobals) = postSolution
		SolutionGuid = {09078E93-928F-4B67-A908-41ED9C9C338D}
	EndGlobalSection
EndGlobal
